
Microsoft Visual Studio Solution File, Format Version 12.00
# Visual Studio 15
VisualStudioVersion = 15.0.27130.2010
MinimumVisualStudioVersion = 10.0.40219.1
Project("{8BC9CEB8-8B4A-11D0-8D11-00A0C91BC942}") = "ApexLegends", "ApexLegends\ApexLegends.vcxproj", "{13F42F30-64C2-4405-A324-C4F4982021D8}"
EndProject
Global
	GlobalSection(SolutionConfigurationPlatforms) = preSolution
		Debug|x64 = Debug|x64
		Debug|x86 = Debug|x86
		Release|x64 = Release|x64
		Release|x86 = Release|x86
	EndGlobalSection
	GlobalSection(ProjectConfigurationPlatforms) = postSolution
		{13F42F30-64C2-4405-A324-C4F4982021D8}.Debug|x64.ActiveCfg = Debug|x64
		{13F42F30-64C2-4405-A324-C4F4982021D8}.Debug|x64.Build.0 = Debug|x64
		{13F42F30-64C2-4405-A324-C4F4982021D8}.Debug|x86.ActiveCfg = Debug|Win32
		{13F42F30-64C2-4405-A324-C4F4982021D8}.Debug|x86.Build.0 = Debug|Win32
		{13F42F30-64C2-4405-A324-C4F4982021D8}.Release|x64.ActiveCfg = Release|x64
		{13F42F30-64C2-4405-A324-C4F4982021D8}.Release|x64.Build.0 = Release|x64
		{13F42F30-64C2-4405-A324-C4F4982021D8}.Release|x86.ActiveCfg = Release|Win32
		{13F42F30-64C2-4405-A324-C4F4982021D8}.Release|x86.Build.0 = Release|Win32
	EndGlobalSection
	GlobalSection(SolutionProperties) = preSolution
		HideSolutionNode = FALSE
	EndGlobalSection
	GlobalSection(ExtensibilityGlobals) = postSolution
		SolutionGuid = {4A38CDE7-76BB-4269-9DFE-78B6FC794213}
	EndGlobalSection
EndGlobal
